
Microsoft Visual Studio Solution File, Format Version 12.00
# Visual Studio 15
VisualStudioVersion = 15.0.25807.0
MinimumVisualStudioVersion = 10.0.40219.1
Project("{2150E333-8FDC-42A3-9474-1A3956D46DE8}") = "Engine", "Engine", "{B16B71F0-DE7C-42F1-B116-B4A83D24E0F0}"
EndProject
Project("{2150E333-8FDC-42A3-9474-1A3956D46DE8}") = "Games", "Games", "{C8802F75-F8E7-4D92-AF4C-E3A6D6B61D29}"
EndProject
Project("{8BC9CEB8-8B4A-11D0-8D11-00A0C91BC942}") = "UE4", "Intermediate\ProjectFiles\UE4.vcxproj", "{13F35794-A96A-4B74-A21E-BF53D94A6E66}"
EndProject
Project("{8BC9CEB8-8B4A-11D0-8D11-00A0C91BC942}") = "Gladiator", "Intermediate\ProjectFiles\Gladiator.vcxproj", "{BDA70420-C880-4B4B-B3FC-78848AF66BA2}"
EndProject
Global
	GlobalSection(SolutionConfigurationPlatforms) = preSolution
		DebugGame Editor|HTML5 = DebugGame Editor|HTML5
		DebugGame Editor|Win32 = DebugGame Editor|Win32
		DebugGame Editor|Win64 = DebugGame Editor|Win64
		DebugGame|HTML5 = DebugGame|HTML5
		DebugGame|Win32 = DebugGame|Win32
		DebugGame|Win64 = DebugGame|Win64
		Development Editor|HTML5 = Development Editor|HTML5
		Development Editor|Win32 = Development Editor|Win32
		Development Editor|Win64 = Development Editor|Win64
		Development|HTML5 = Development|HTML5
		Development|Win32 = Development|Win32
		Development|Win64 = Development|Win64
		Shipping|HTML5 = Shipping|HTML5
		Shipping|Win32 = Shipping|Win32
		Shipping|Win64 = Shipping|Win64
	EndGlobalSection
	GlobalSection(ProjectConfigurationPlatforms) = postSolution
		{BDA70420-C880-4B4B-B3FC-78848AF66BA2}.DebugGame Editor|HTML5.ActiveCfg = HTML5_DebugGame_Editor|Win32
		{BDA70420-C880-4B4B-B3FC-78848AF66BA2}.DebugGame Editor|Win32.ActiveCfg = DebugGame_Editor|Win32
		{BDA70420-C880-4B4B-B3FC-78848AF66BA2}.DebugGame Editor|Win64.ActiveCfg = DebugGame_Editor|x64
		{BDA70420-C880-4B4B-B3FC-78848AF66BA2}.DebugGame Editor|Win64.Build.0 = DebugGame_Editor|x64
		{BDA70420-C880-4B4B-B3FC-78848AF66BA2}.DebugGame|HTML5.ActiveCfg = HTML5_DebugGame_Game|Win32
		{BDA70420-C880-4B4B-B3FC-78848AF66BA2}.DebugGame|HTML5.Build.0 = HTML5_DebugGame_Game|Win32
		{BDA70420-C880-4B4B-B3FC-78848AF66BA2}.DebugGame|Win32.ActiveCfg = DebugGame_Game|Win32
		{BDA70420-C880-4B4B-B3FC-78848AF66BA2}.DebugGame|Win32.Build.0 = DebugGame_Game|Win32
		{BDA70420-C880-4B4B-B3FC-78848AF66BA2}.DebugGame|Win64.ActiveCfg = DebugGame_Game|x64
		{BDA70420-C880-4B4B-B3FC-78848AF66BA2}.DebugGame|Win64.Build.0 = DebugGame_Game|x64
		{BDA70420-C880-4B4B-B3FC-78848AF66BA2}.Development Editor|HTML5.ActiveCfg = HTML5_Development_Editor|Win32
		{BDA70420-C880-4B4B-B3FC-78848AF66BA2}.Development Editor|Win32.ActiveCfg = Development_Editor|Win32
		{BDA70420-C880-4B4B-B3FC-78848AF66BA2}.Development Editor|Win64.ActiveCfg = Development_Editor|x64
		{BDA70420-C880-4B4B-B3FC-78848AF66BA2}.Development Editor|Win64.Build.0 = Development_Editor|x64
		{BDA70420-C880-4B4B-B3FC-78848AF66BA2}.Development|HTML5.ActiveCfg = HTML5_Development_Game|Win32
		{BDA70420-C880-4B4B-B3FC-78848AF66BA2}.Development|HTML5.Build.0 = HTML5_Development_Game|Win32
		{BDA70420-C880-4B4B-B3FC-78848AF66BA2}.Development|Win32.ActiveCfg = Development_Game|Win32
		{BDA70420-C880-4B4B-B3FC-78848AF66BA2}.Development|Win32.Build.0 = Development_Game|Win32
		{BDA70420-C880-4B4B-B3FC-78848AF66BA2}.Development|Win64.ActiveCfg = Development_Game|x64
		{BDA70420-C880-4B4B-B3FC-78848AF66BA2}.Development|Win64.Build.0 = Development_Game|x64
		{BDA70420-C880-4B4B-B3FC-78848AF66BA2}.Shipping|HTML5.ActiveCfg = HTML5_Shipping_Game|Win32
		{BDA70420-C880-4B4B-B3FC-78848AF66BA2}.Shipping|HTML5.Build.0 = HTML5_Shipping_Game|Win32
		{BDA70420-C880-4B4B-B3FC-78848AF66BA2}.Shipping|Win32.ActiveCfg = Shipping_Game|Win32
		{BDA70420-C880-4B4B-B3FC-78848AF66BA2}.Shipping|Win32.Build.0 = Shipping_Game|Win32
		{BDA70420-C880-4B4B-B3FC-78848AF66BA2}.Shipping|Win64.ActiveCfg = Shipping_Game|x64
		{BDA70420-C880-4B4B-B3FC-78848AF66BA2}.Shipping|Win64.Build.0 = Shipping_Game|x64
	EndGlobalSection
	GlobalSection(SolutionProperties) = preSolution
		HideSolutionNode = FALSE
	EndGlobalSection
	GlobalSection(NestedProjects) = preSolution
		{13F35794-A96A-4B74-A21E-BF53D94A6E66} = {B16B71F0-DE7C-42F1-B116-B4A83D24E0F0}
		{BDA70420-C880-4B4B-B3FC-78848AF66BA2} = {C8802F75-F8E7-4D92-AF4C-E3A6D6B61D29}
	EndGlobalSection
EndGlobal
